Microsoft Visual Studio Solution File, Format Version 12.00
# Visual Studio Version 17
VisualStudioVersion = 17.5.2.0
MinimumVisualStudioVersion = 10.0.40219.1
Project("{FAE04EC0-301F-11D3-BF4B-00C04F79EFBC}") = "DotNetApiProject", "DotNetApiProject.csproj", "{A772132E-A627-F67C-5C82-166354C7D362}"
EndProject
Global
	GlobalSection(SolutionConfigurationPlatforms) = preSolution
		Debug|Any CPU = Debug|Any CPU
		Release|Any CPU = Release|Any CPU
	EndGlobalSection
	GlobalSection(ProjectConfigurationPlatforms) = postSolution
		{A772132E-A627-F67C-5C82-166354C7D362}.Debug|Any CPU.ActiveCfg = Debug|Any CPU
		{A772132E-A627-F67C-5C82-166354C7D362}.Debug|Any CPU.Build.0 = Debug|Any CPU
		{A772132E-A627-F67C-5C82-166354C7D362}.Release|Any CPU.ActiveCfg = Release|Any CPU
		{A772132E-A627-F67C-5C82-166354C7D362}.Release|Any CPU.Build.0 = Release|Any CPU
	EndGlobalSection
	GlobalSection(SolutionProperties) = preSolution
		HideSolutionNode = FALSE
	EndGlobalSection
	GlobalSection(ExtensibilityGlobals) = postSolution
		SolutionGuid = {1372CA9F-7360-4AF8-817C-3AC287B93CCB}
	EndGlobalSection
EndGlobal
